
Microsoft Visual Studio Solution File, Format Version 12.00
# Visual Studio Version 17
VisualStudioVersion = 17.2.32519.379
MinimumVisualStudioVersion = 10.0.40219.1
Project("{9A19103F-16F7-4668-BE54-9A1E7A4F7556}") = "SkinetAppAPI", "SkinetAppAPI\SkinetAppAPI.csproj", "{0DA7AA27-1F5B-4622-9894-545E9BBD00CE}"
EndProject
Project("{9A19103F-16F7-4668-BE54-9A1E7A4F7556}") = "Infrastructure", "Infrastructure\Infrastructure.csproj", "{84205A4F-7195-4559-AF2B-BB4245DA6759}"
EndProject
Project("{9A19103F-16F7-4668-BE54-9A1E7A4F7556}") = "Core", "Core\Core.csproj", "{DA1C40D5-444D-4902-B906-D7D82ABFF37A}"
EndProject
Global
	GlobalSection(SolutionConfigurationPlatforms) = preSolution
		Debug|Any CPU = Debug|Any CPU
		Release|Any CPU = Release|Any CPU
	EndGlobalSection
	GlobalSection(ProjectConfigurationPlatforms) = postSolution
		{0DA7AA27-1F5B-4622-9894-545E9BBD00CE}.Debug|Any CPU.ActiveCfg = Debug|Any CPU
		{0DA7AA27-1F5B-4622-9894-545E9BBD00CE}.Debug|Any CPU.Build.0 = Debug|Any CPU
		{0DA7AA27-1F5B-4622-9894-545E9BBD00CE}.Release|Any CPU.ActiveCfg = Release|Any CPU
		{0DA7AA27-1F5B-4622-9894-545E9BBD00CE}.Release|Any CPU.Build.0 = Release|Any CPU
		{84205A4F-7195-4559-AF2B-BB4245DA6759}.Debug|Any CPU.ActiveCfg = Debug|Any CPU
		{84205A4F-7195-4559-AF2B-BB4245DA6759}.Debug|Any CPU.Build.0 = Debug|Any CPU
		{84205A4F-7195-4559-AF2B-BB4245DA6759}.Release|Any CPU.ActiveCfg = Release|Any CPU
		{84205A4F-7195-4559-AF2B-BB4245DA6759}.Release|Any CPU.Build.0 = Release|Any CPU
		{DA1C40D5-444D-4902-B906-D7D82ABFF37A}.Debug|Any CPU.ActiveCfg = Debug|Any CPU
		{DA1C40D5-444D-4902-B906-D7D82ABFF37A}.Debug|Any CPU.Build.0 = Debug|Any CPU
		{DA1C40D5-444D-4902-B906-D7D82ABFF37A}.Release|Any CPU.ActiveCfg = Release|Any CPU
		{DA1C40D5-444D-4902-B906-D7D82ABFF37A}.Release|Any CPU.Build.0 = Release|Any CPU
	EndGlobalSection
	GlobalSection(SolutionProperties) = preSolution
		HideSolutionNode = FALSE
	EndGlobalSection
	GlobalSection(ExtensibilityGlobals) = postSolution
		SolutionGuid = {0A6B5C1C-98AE-41ED-904E-59DF3E1049FA}
	EndGlobalSection
EndGlobal
